PODS:
  - FBSnapshotTestCase (2.1.4):
    - FBSnapshotTestCase/SwiftSupport (= 2.1.4)
  - FBSnapshotTestCase/Core (2.1.4)
  - FBSnapshotTestCase/SwiftSupport (2.1.4):
    - FBSnapshotTestCase/Core
  - SLListSwiftComponent (0.1.0)

DEPENDENCIES:
  - FBSnapshotTestCase (~> 2.1.4)
  - SLListSwiftComponent (from `../`)

SPEC REPOS:
  trunk:
    - FBSnapshotTestCase

EXTERNAL SOURCES:
  SLListSwiftComponent:
    :path: "../"

SPEC CHECKSUMS:
  FBSnapshotTestCase: 094f9f314decbabe373b87cc339bea235a63e07a
  SLListSwiftComponent: c773c621478a93527e4a2a650eb9f9a2163da20f

PODFILE CHECKSUM: 0d186a07f18fa6e79f32c3b2e94d5e89800049c1

COCOAPODS: 1.8.0.beta.1
